
Microsoft Visual Studio Solution File, Format Version 12.00
# Visual Studio Version 17
VisualStudioVersion = 17.1.32421.90
MinimumVisualStudioVersion = 10.0.40219.1
Project("{FAE04EC0-301F-11D3-BF4B-00C04F79EFBC}") = "NguyenVanTuan_BigSchool", "NguyenVanTuan_BigSchool\NguyenVanTuan_BigSchool.csproj", "{8C248514-BBB6-4CF3-A46C-CAB981C8E63A}"
EndProject
Global
	GlobalSection(SolutionConfigurationPlatforms) = preSolution
		Debug|Any CPU = Debug|Any CPU
		Release|Any CPU = Release|Any CPU
	EndGlobalSection
	GlobalSection(ProjectConfigurationPlatforms) = postSolution
		{8C248514-BBB6-4CF3-A46C-CAB981C8E63A}.Debug|Any CPU.ActiveCfg = Debug|Any CPU
		{8C248514-BBB6-4CF3-A46C-CAB981C8E63A}.Debug|Any CPU.Build.0 = Debug|Any CPU
		{8C248514-BBB6-4CF3-A46C-CAB981C8E63A}.Release|Any CPU.ActiveCfg = Release|Any CPU
		{8C248514-BBB6-4CF3-A46C-CAB981C8E63A}.Release|Any CPU.Build.0 = Release|Any CPU
	EndGlobalSection
	GlobalSection(SolutionProperties) = preSolution
		HideSolutionNode = FALSE
	EndGlobalSection
	GlobalSection(ExtensibilityGlobals) = postSolution
		SolutionGuid = {5DDF4B6C-3285-4429-909E-7BF8AD77BD68}
	EndGlobalSection
EndGlobal
